
Microsoft Visual Studio Solution File, Format Version 12.00
# Visual Studio Version 17
VisualStudioVersion = 17.0.31903.59
MinimumVisualStudioVersion = 10.0.40219.1
Project("{FAE04EC0-301F-11D3-BF4B-00C04F79EFBC}") = "AdventOfCode.Day01.1", "AdventOfCode.Day01.1\AdventOfCode.Day01.1.csproj", "{3FF0FC9E-5577-48CA-8A68-15E3DA9065FE}"
EndProject
Project("{FAE04EC0-301F-11D3-BF4B-00C04F79EFBC}") = "AdventOfCode.Shared", "AdventOfCode.Shared\AdventOfCode.Shared.csproj", "{E15BDD42-9326-4893-838B-36AAC7453548}"
EndProject
Project("{FAE04EC0-301F-11D3-BF4B-00C04F79EFBC}") = "AdventOfCode.Day01.2", "AdventOfCode.Day01.2\AdventOfCode.Day01.2.csproj", "{2C3D1A54-EC23-4788-956F-C13E52CD7609}"
EndProject
Project("{FAE04EC0-301F-11D3-BF4B-00C04F79EFBC}") = "AdventOfCode.Day02.1", "AdventOfCode.Day02.1\AdventOfCode.Day02.1.csproj", "{748BA9F4-43A0-4612-8A6B-B90A63CCFB6B}"
EndProject
Project("{FAE04EC0-301F-11D3-BF4B-00C04F79EFBC}") = "AdventOfCode.Day02.2", "AdventOfCode.Day02.2\AdventOfCode.Day02.2.csproj", "{7D746B88-A032-4558-A08A-0E68C68C65F4}"
EndProject
Project("{FAE04EC0-301F-11D3-BF4B-00C04F79EFBC}") = "AdventOfCode.Day03.1", "AdventOfCode.Day03.1\AdventOfCode.Day03.1.csproj", "{F271426F-9BF4-48B0-8853-01A40C25CF7F}"
EndProject
Project("{FAE04EC0-301F-11D3-BF4B-00C04F79EFBC}") = "AdventOfCode.Day03.2", "AdventOfCode.Day03.2\AdventOfCode.Day03.2.csproj", "{5F676D61-9517-4FAD-AEE3-5D5543A780BA}"
EndProject
Project("{FAE04EC0-301F-11D3-BF4B-00C04F79EFBC}") = "AdventOfCode.Day04.1", "AdventOfCode.Day04.1\AdventOfCode.Day04.1.csproj", "{3D922A10-025E-4754-B4D9-6202A8B73ED0}"
EndProject
Project("{FAE04EC0-301F-11D3-BF4B-00C04F79EFBC}") = "AdventOfCode.Day04.2", "AdventOfCode.Day04.2\AdventOfCode.Day04.2.csproj", "{48A79FDB-F1E8-4272-A1C5-29D883304BDB}"
EndProject
Project("{FAE04EC0-301F-11D3-BF4B-00C04F79EFBC}") = "AdventOfCode.Day05.1", "AdventOfCode.Day05.1\AdventOfCode.Day05.1.csproj", "{DFF04AC7-3D0B-4361-8464-D16C4BDF6955}"
EndProject
Project("{FAE04EC0-301F-11D3-BF4B-00C04F79EFBC}") = "AdventOfCode.Day05.2", "AdventOfCode.Day05.2\AdventOfCode.Day05.2.csproj", "{A5478D43-22AB-4338-8060-75ACB9AF51EF}"
EndProject
Project("{FAE04EC0-301F-11D3-BF4B-00C04F79EFBC}") = "AdventOfCode.Day06.1", "AdventOfCode.Day06.1\AdventOfCode.Day06.1.csproj", "{FC5A0B57-2AAC-4507-A343-C1A843E6EAE2}"
EndProject
Project("{FAE04EC0-301F-11D3-BF4B-00C04F79EFBC}") = "AdventOfCode.Day06.2", "AdventOfCode.Day06.2\AdventOfCode.Day06.2.csproj", "{480FF962-3B2B-43A8-A9F0-69940A1B45BE}"
EndProject
Project("{FAE04EC0-301F-11D3-BF4B-00C04F79EFBC}") = "AdventOfCode.Day07.1", "AdventOfCode.Day07.1\AdventOfCode.Day07.1.csproj", "{559D9A64-343E-47C3-A8B2-A44B5BDD1978}"
EndProject
Project("{FAE04EC0-301F-11D3-BF4B-00C04F79EFBC}") = "AdventOfCode.Day07.2", "AdventOfCode.Day07.2\AdventOfCode.Day07.2.csproj", "{860BD7C6-B44A-4171-9EB9-4A7C74FDAE12}"
EndProject
Project("{FAE04EC0-301F-11D3-BF4B-00C04F79EFBC}") = "AdventOfCode.Day08.1", "AdventOfCode.Day08.1\AdventOfCode.Day08.1.csproj", "{40826364-2D1F-48D8-8AD2-8F0FD487B416}"
EndProject
Project("{FAE04EC0-301F-11D3-BF4B-00C04F79EFBC}") = "AdventOfCode.Day08.2", "AdventOfCode.Day08.2\AdventOfCode.Day08.2.csproj", "{E17A8C2E-7201-43EF-82FB-95C0756FD5FE}"
EndProject
Project("{FAE04EC0-301F-11D3-BF4B-00C04F79EFBC}") = "AdventOfCode.Day09.1", "AdventOfCode.Day09.1\AdventOfCode.Day09.1.csproj", "{C68A5B2F-88A6-41CD-AB2F-E786DE18369D}"
EndProject
Project("{FAE04EC0-301F-11D3-BF4B-00C04F79EFBC}") = "AdventOfCode.Day09.2", "AdventOfCode.Day09.2\AdventOfCode.Day09.2.csproj", "{5E1A0108-7684-4412-ABBA-0F3B0BE9AF65}"
EndProject
Project("{FAE04EC0-301F-11D3-BF4B-00C04F79EFBC}") = "AdventOfCode.Day10.1", "AdventOfCode.Day10.1\AdventOfCode.Day10.1.csproj", "{8BB0CF61-0E19-4FA3-91C1-FBE9D8ED49CC}"
EndProject
Project("{FAE04EC0-301F-11D3-BF4B-00C04F79EFBC}") = "AdventOfCode.Day10.2", "AdventOfCode.Day10.2\AdventOfCode.Day10.2.csproj", "{7BFAECCA-CA3E-43B8-A8FC-FF5E82A04C49}"
EndProject
Project("{FAE04EC0-301F-11D3-BF4B-00C04F79EFBC}") = "AdventOfCode.Day11.1", "AdventOfCode.Day11.1\AdventOfCode.Day11.1.csproj", "{65E8B27A-C236-4BBC-B2A5-874BD791F273}"
EndProject
Project("{FAE04EC0-301F-11D3-BF4B-00C04F79EFBC}") = "AdventOfCode.Day11.2", "AdventOfCode.Day11.2\AdventOfCode.Day11.2.csproj", "{BE14BB66-368A-4CD5-B628-14F88F06E2BB}"
EndProject
Project("{FAE04EC0-301F-11D3-BF4B-00C04F79EFBC}") = "AdventOfCode.Day12.1", "AdventOfCode.Day12.1\AdventOfCode.Day12.1.csproj", "{4FF56B0F-5744-4A83-8A4D-33D7FCD21785}"
EndProject
Project("{FAE04EC0-301F-11D3-BF4B-00C04F79EFBC}") = "AdventOfCode.Day12.2", "AdventOfCode.Day12.2\AdventOfCode.Day12.2.csproj", "{7E554265-F9B6-43BC-99A9-8C2E8150528F}"
EndProject
Global
	GlobalSection(SolutionConfigurationPlatforms) = preSolution
		Debug|Any CPU = Debug|Any CPU
		Release|Any CPU = Release|Any CPU
	EndGlobalSection
	GlobalSection(SolutionProperties) = preSolution
		HideSolutionNode = FALSE
	EndGlobalSection
	GlobalSection(ProjectConfigurationPlatforms) = postSolution
		{3FF0FC9E-5577-48CA-8A68-15E3DA9065FE}.Debug|Any CPU.ActiveCfg = Debug|Any CPU
		{3FF0FC9E-5577-48CA-8A68-15E3DA9065FE}.Debug|Any CPU.Build.0 = Debug|Any CPU
		{3FF0FC9E-5577-48CA-8A68-15E3DA9065FE}.Release|Any CPU.ActiveCfg = Release|Any CPU
		{3FF0FC9E-5577-48CA-8A68-15E3DA9065FE}.Release|Any CPU.Build.0 = Release|Any CPU
		{E15BDD42-9326-4893-838B-36AAC7453548}.Debug|Any CPU.ActiveCfg = Debug|Any CPU
		{E15BDD42-9326-4893-838B-36AAC7453548}.Debug|Any CPU.Build.0 = Debug|Any CPU
		{E15BDD42-9326-4893-838B-36AAC7453548}.Release|Any CPU.ActiveCfg = Release|Any CPU
		{E15BDD42-9326-4893-838B-36AAC7453548}.Release|Any CPU.Build.0 = Release|Any CPU
		{2C3D1A54-EC23-4788-956F-C13E52CD7609}.Debug|Any CPU.ActiveCfg = Debug|Any CPU
		{2C3D1A54-EC23-4788-956F-C13E52CD7609}.Debug|Any CPU.Build.0 = Debug|Any CPU
		{2C3D1A54-EC23-4788-956F-C13E52CD7609}.Release|Any CPU.ActiveCfg = Release|Any CPU
		{2C3D1A54-EC23-4788-956F-C13E52CD7609}.Release|Any CPU.Build.0 = Release|Any CPU
		{748BA9F4-43A0-4612-8A6B-B90A63CCFB6B}.Debug|Any CPU.ActiveCfg = Debug|Any CPU
		{748BA9F4-43A0-4612-8A6B-B90A63CCFB6B}.Debug|Any CPU.Build.0 = Debug|Any CPU
		{748BA9F4-43A0-4612-8A6B-B90A63CCFB6B}.Release|Any CPU.ActiveCfg = Release|Any CPU
		{748BA9F4-43A0-4612-8A6B-B90A63CCFB6B}.Release|Any CPU.Build.0 = Release|Any CPU
		{7D746B88-A032-4558-A08A-0E68C68C65F4}.Debug|Any CPU.ActiveCfg = Debug|Any CPU
		{7D746B88-A032-4558-A08A-0E68C68C65F4}.Debug|Any CPU.Build.0 = Debug|Any CPU
		{7D746B88-A032-4558-A08A-0E68C68C65F4}.Release|Any CPU.ActiveCfg = Release|Any CPU
		{7D746B88-A032-4558-A08A-0E68C68C65F4}.Release|Any CPU.Build.0 = Release|Any CPU
		{F271426F-9BF4-48B0-8853-01A40C25CF7F}.Debug|Any CPU.ActiveCfg = Debug|Any CPU
		{F271426F-9BF4-48B0-8853-01A40C25CF7F}.Debug|Any CPU.Build.0 = Debug|Any CPU
		{F271426F-9BF4-48B0-8853-01A40C25CF7F}.Release|Any CPU.ActiveCfg = Release|Any CPU
		{F271426F-9BF4-48B0-8853-01A40C25CF7F}.Release|Any CPU.Build.0 = Release|Any CPU
		{5F676D61-9517-4FAD-AEE3-5D5543A780BA}.Debug|Any CPU.ActiveCfg = Debug|Any CPU
		{5F676D61-9517-4FAD-AEE3-5D5543A780BA}.Debug|Any CPU.Build.0 = Debug|Any CPU
		{5F676D61-9517-4FAD-AEE3-5D5543A780BA}.Release|Any CPU.ActiveCfg = Release|Any CPU
		{5F676D61-9517-4FAD-AEE3-5D5543A780BA}.Release|Any CPU.Build.0 = Release|Any CPU
		{3D922A10-025E-4754-B4D9-6202A8B73ED0}.Debug|Any CPU.ActiveCfg = Debug|Any CPU
		{3D922A10-025E-4754-B4D9-6202A8B73ED0}.Debug|Any CPU.Build.0 = Debug|Any CPU
		{3D922A10-025E-4754-B4D9-6202A8B73ED0}.Release|Any CPU.ActiveCfg = Release|Any CPU
		{3D922A10-025E-4754-B4D9-6202A8B73ED0}.Release|Any CPU.Build.0 = Release|Any CPU
		{48A79FDB-F1E8-4272-A1C5-29D883304BDB}.Debug|Any CPU.ActiveCfg = Debug|Any CPU
		{48A79FDB-F1E8-4272-A1C5-29D883304BDB}.Debug|Any CPU.Build.0 = Debug|Any CPU
		{48A79FDB-F1E8-4272-A1C5-29D883304BDB}.Release|Any CPU.ActiveCfg = Release|Any CPU
		{48A79FDB-F1E8-4272-A1C5-29D883304BDB}.Release|Any CPU.Build.0 = Release|Any CPU
		{DFF04AC7-3D0B-4361-8464-D16C4BDF6955}.Debug|Any CPU.ActiveCfg = Debug|Any CPU
		{DFF04AC7-3D0B-4361-8464-D16C4BDF6955}.Debug|Any CPU.Build.0 = Debug|Any CPU
		{DFF04AC7-3D0B-4361-8464-D16C4BDF6955}.Release|Any CPU.ActiveCfg = Release|Any CPU
		{DFF04AC7-3D0B-4361-8464-D16C4BDF6955}.Release|Any CPU.Build.0 = Release|Any CPU
		{A5478D43-22AB-4338-8060-75ACB9AF51EF}.Debug|Any CPU.ActiveCfg = Debug|Any CPU
		{A5478D43-22AB-4338-8060-75ACB9AF51EF}.Debug|Any CPU.Build.0 = Debug|Any CPU
		{A5478D43-22AB-4338-8060-75ACB9AF51EF}.Release|Any CPU.ActiveCfg = Release|Any CPU
		{A5478D43-22AB-4338-8060-75ACB9AF51EF}.Release|Any CPU.Build.0 = Release|Any CPU
		{FC5A0B57-2AAC-4507-A343-C1A843E6EAE2}.Debug|Any CPU.ActiveCfg = Debug|Any CPU
		{FC5A0B57-2AAC-4507-A343-C1A843E6EAE2}.Debug|Any CPU.Build.0 = Debug|Any CPU
		{FC5A0B57-2AAC-4507-A343-C1A843E6EAE2}.Release|Any CPU.ActiveCfg = Release|Any CPU
		{FC5A0B57-2AAC-4507-A343-C1A843E6EAE2}.Release|Any CPU.Build.0 = Release|Any CPU
		{480FF962-3B2B-43A8-A9F0-69940A1B45BE}.Debug|Any CPU.ActiveCfg = Debug|Any CPU
		{480FF962-3B2B-43A8-A9F0-69940A1B45BE}.Debug|Any CPU.Build.0 = Debug|Any CPU
		{480FF962-3B2B-43A8-A9F0-69940A1B45BE}.Release|Any CPU.ActiveCfg = Release|Any CPU
		{480FF962-3B2B-43A8-A9F0-69940A1B45BE}.Release|Any CPU.Build.0 = Release|Any CPU
		{559D9A64-343E-47C3-A8B2-A44B5BDD1978}.Debug|Any CPU.ActiveCfg = Debug|Any CPU
		{559D9A64-343E-47C3-A8B2-A44B5BDD1978}.Debug|Any CPU.Build.0 = Debug|Any CPU
		{559D9A64-343E-47C3-A8B2-A44B5BDD1978}.Release|Any CPU.ActiveCfg = Release|Any CPU
		{559D9A64-343E-47C3-A8B2-A44B5BDD1978}.Release|Any CPU.Build.0 = Release|Any CPU
		{860BD7C6-B44A-4171-9EB9-4A7C74FDAE12}.Debug|Any CPU.ActiveCfg = Debug|Any CPU
		{860BD7C6-B44A-4171-9EB9-4A7C74FDAE12}.Debug|Any CPU.Build.0 = Debug|Any CPU
		{860BD7C6-B44A-4171-9EB9-4A7C74FDAE12}.Release|Any CPU.ActiveCfg = Release|Any CPU
		{860BD7C6-B44A-4171-9EB9-4A7C74FDAE12}.Release|Any CPU.Build.0 = Release|Any CPU
		{40826364-2D1F-48D8-8AD2-8F0FD487B416}.Debug|Any CPU.ActiveCfg = Debug|Any CPU
		{40826364-2D1F-48D8-8AD2-8F0FD487B416}.Debug|Any CPU.Build.0 = Debug|Any CPU
		{40826364-2D1F-48D8-8AD2-8F0FD487B416}.Release|Any CPU.ActiveCfg = Release|Any CPU
		{40826364-2D1F-48D8-8AD2-8F0FD487B416}.Release|Any CPU.Build.0 = Release|Any CPU
		{E17A8C2E-7201-43EF-82FB-95C0756FD5FE}.Debug|Any CPU.ActiveCfg = Debug|Any CPU
		{E17A8C2E-7201-43EF-82FB-95C0756FD5FE}.Debug|Any CPU.Build.0 = Debug|Any CPU
		{E17A8C2E-7201-43EF-82FB-95C0756FD5FE}.Release|Any CPU.ActiveCfg = Release|Any CPU
		{E17A8C2E-7201-43EF-82FB-95C0756FD5FE}.Release|Any CPU.Build.0 = Release|Any CPU
		{C68A5B2F-88A6-41CD-AB2F-E786DE18369D}.Debug|Any CPU.ActiveCfg = Debug|Any CPU
		{C68A5B2F-88A6-41CD-AB2F-E786DE18369D}.Debug|Any CPU.Build.0 = Debug|Any CPU
		{C68A5B2F-88A6-41CD-AB2F-E786DE18369D}.Release|Any CPU.ActiveCfg = Release|Any CPU
		{C68A5B2F-88A6-41CD-AB2F-E786DE18369D}.Release|Any CPU.Build.0 = Release|Any CPU
		{5E1A0108-7684-4412-ABBA-0F3B0BE9AF65}.Debug|Any CPU.ActiveCfg = Debug|Any CPU
		{5E1A0108-7684-4412-ABBA-0F3B0BE9AF65}.Debug|Any CPU.Build.0 = Debug|Any CPU
		{5E1A0108-7684-4412-ABBA-0F3B0BE9AF65}.Release|Any CPU.ActiveCfg = Release|Any CPU
		{5E1A0108-7684-4412-ABBA-0F3B0BE9AF65}.Release|Any CPU.Build.0 = Release|Any CPU
		{8BB0CF61-0E19-4FA3-91C1-FBE9D8ED49CC}.Debug|Any CPU.ActiveCfg = Debug|Any CPU
		{8BB0CF61-0E19-4FA3-91C1-FBE9D8ED49CC}.Debug|Any CPU.Build.0 = Debug|Any CPU
		{8BB0CF61-0E19-4FA3-91C1-FBE9D8ED49CC}.Release|Any CPU.ActiveCfg = Release|Any CPU
		{8BB0CF61-0E19-4FA3-91C1-FBE9D8ED49CC}.Release|Any CPU.Build.0 = Release|Any CPU
		{7BFAECCA-CA3E-43B8-A8FC-FF5E82A04C49}.Debug|Any CPU.ActiveCfg = Debug|Any CPU
		{7BFAECCA-CA3E-43B8-A8FC-FF5E82A04C49}.Debug|Any CPU.Build.0 = Debug|Any CPU
		{7BFAECCA-CA3E-43B8-A8FC-FF5E82A04C49}.Release|Any CPU.ActiveCfg = Release|Any CPU
		{7BFAECCA-CA3E-43B8-A8FC-FF5E82A04C49}.Release|Any CPU.Build.0 = Release|Any CPU
		{65E8B27A-C236-4BBC-B2A5-874BD791F273}.Debug|Any CPU.ActiveCfg = Debug|Any CPU
		{65E8B27A-C236-4BBC-B2A5-874BD791F273}.Debug|Any CPU.Build.0 = Debug|Any CPU
		{65E8B27A-C236-4BBC-B2A5-874BD791F273}.Release|Any CPU.ActiveCfg = Release|Any CPU
		{65E8B27A-C236-4BBC-B2A5-874BD791F273}.Release|Any CPU.Build.0 = Release|Any CPU
		{BE14BB66-368A-4CD5-B628-14F88F06E2BB}.Debug|Any CPU.ActiveCfg = Debug|Any CPU
		{BE14BB66-368A-4CD5-B628-14F88F06E2BB}.Debug|Any CPU.Build.0 = Debug|Any CPU
		{BE14BB66-368A-4CD5-B628-14F88F06E2BB}.Release|Any CPU.ActiveCfg = Release|Any CPU
		{BE14BB66-368A-4CD5-B628-14F88F06E2BB}.Release|Any CPU.Build.0 = Release|Any CPU
		{4FF56B0F-5744-4A83-8A4D-33D7FCD21785}.Debug|Any CPU.ActiveCfg = Debug|Any CPU
		{4FF56B0F-5744-4A83-8A4D-33D7FCD21785}.Debug|Any CPU.Build.0 = Debug|Any CPU
		{4FF56B0F-5744-4A83-8A4D-33D7FCD21785}.Release|Any CPU.ActiveCfg = Release|Any CPU
		{4FF56B0F-5744-4A83-8A4D-33D7FCD21785}.Release|Any CPU.Build.0 = Release|Any CPU
		{7E554265-F9B6-43BC-99A9-8C2E8150528F}.Debug|Any CPU.ActiveCfg = Debug|Any CPU
		{7E554265-F9B6-43BC-99A9-8C2E8150528F}.Debug|Any CPU.Build.0 = Debug|Any CPU
		{7E554265-F9B6-43BC-99A9-8C2E8150528F}.Release|Any CPU.ActiveCfg = Release|Any CPU
		{7E554265-F9B6-43BC-99A9-8C2E8150528F}.Release|Any CPU.Build.0 = Release|Any CPU
	EndGlobalSection
EndGlobal
